
Microsoft Visual Studio Solution File, Format Version 12.00
# Visual Studio Version 16
VisualStudioVersion = 16.0.30114.105
MinimumVisualStudioVersion = 10.0.40219.1
Project("{FAE04EC0-301F-11D3-BF4B-00C04F79EFBC}") = "SemiStandards.Common", "SemiStandards.Common\SemiStandards.Common.csproj", "{9A19103F-16F7-4668-BE54-9A1E7A4F7556}"
EndProject
Project("{FAE04EC0-301F-11D3-BF4B-00C04F79EFBC}") = "SemiE39", "SemiE39\SemiE39.csproj", "{A1234567-16F7-4668-BE54-9A1E7A4F7556}"
EndProject
Project("{FAE04EC0-301F-11D3-BF4B-00C04F79EFBC}") = "SemiE84", "SemiE84\SemiE84.csproj", "{B2345678-16F7-4668-BE54-9A1E7A4F7556}"
EndProject
Project("{FAE04EC0-301F-11D3-BF4B-00C04F79EFBC}") = "SemiE87", "SemiE87\SemiE87.csproj", "{C3456789-16F7-4668-BE54-9A1E7A4F7556}"
EndProject
Project("{FAE04EC0-301F-11D3-BF4B-00C04F79EFBC}") = "SemiE90", "SemiE90\SemiE90.csproj", "{D4567890-16F7-4668-BE54-9A1E7A4F7556}"
EndProject
Project("{FAE04EC0-301F-11D3-BF4B-00C04F79EFBC}") = "SemiE94", "SemiE94\SemiE94.csproj", "{E5678901-16F7-4668-BE54-9A1E7A4F7556}"
EndProject
Project("{FAE04EC0-301F-11D3-BF4B-00C04F79EFBC}") = "SemiE116", "SemiE116\SemiE116.csproj", "{F6789012-16F7-4668-BE54-9A1E7A4F7556}"
EndProject
Project("{FAE04EC0-301F-11D3-BF4B-00C04F79EFBC}") = "SemiStandards.Demo", "SemiStandards.Demo\SemiStandards.Demo.csproj", "{10123456-16F7-4668-BE54-9A1E7A4F7556}"
EndProject
Global
	GlobalSection(SolutionConfigurationPlatforms) = preSolution
		Debug|Any CPU = Debug|Any CPU
		Release|Any CPU = Release|Any CPU
	EndGlobalSection
	GlobalSection(ProjectConfigurationPlatforms) = postSolution
		{9A19103F-16F7-4668-BE54-9A1E7A4F7556}.Debug|Any CPU.ActiveCfg = Debug|Any CPU
		{9A19103F-16F7-4668-BE54-9A1E7A4F7556}.Debug|Any CPU.Build.0 = Debug|Any CPU
		{9A19103F-16F7-4668-BE54-9A1E7A4F7556}.Release|Any CPU.ActiveCfg = Release|Any CPU
		{9A19103F-16F7-4668-BE54-9A1E7A4F7556}.Release|Any CPU.Build.0 = Release|Any CPU
		{A1234567-16F7-4668-BE54-9A1E7A4F7556}.Debug|Any CPU.ActiveCfg = Debug|Any CPU
		{A1234567-16F7-4668-BE54-9A1E7A4F7556}.Debug|Any CPU.Build.0 = Debug|Any CPU
		{A1234567-16F7-4668-BE54-9A1E7A4F7556}.Release|Any CPU.ActiveCfg = Release|Any CPU
		{A1234567-16F7-4668-BE54-9A1E7A4F7556}.Release|Any CPU.Build.0 = Release|Any CPU
		{B2345678-16F7-4668-BE54-9A1E7A4F7556}.Debug|Any CPU.ActiveCfg = Debug|Any CPU
		{B2345678-16F7-4668-BE54-9A1E7A4F7556}.Debug|Any CPU.Build.0 = Debug|Any CPU
		{B2345678-16F7-4668-BE54-9A1E7A4F7556}.Release|Any CPU.ActiveCfg = Release|Any CPU
		{B2345678-16F7-4668-BE54-9A1E7A4F7556}.Release|Any CPU.Build.0 = Release|Any CPU
		{C3456789-16F7-4668-BE54-9A1E7A4F7556}.Debug|Any CPU.ActiveCfg = Debug|Any CPU
		{C3456789-16F7-4668-BE54-9A1E7A4F7556}.Debug|Any CPU.Build.0 = Debug|Any CPU
		{C3456789-16F7-4668-BE54-9A1E7A4F7556}.Release|Any CPU.ActiveCfg = Release|Any CPU
		{C3456789-16F7-4668-BE54-9A1E7A4F7556}.Release|Any CPU.Build.0 = Release|Any CPU
		{D4567890-16F7-4668-BE54-9A1E7A4F7556}.Debug|Any CPU.ActiveCfg = Debug|Any CPU
		{D4567890-16F7-4668-BE54-9A1E7A4F7556}.Debug|Any CPU.Build.0 = Debug|Any CPU
		{D4567890-16F7-4668-BE54-9A1E7A4F7556}.Release|Any CPU.ActiveCfg = Release|Any CPU
		{D4567890-16F7-4668-BE54-9A1E7A4F7556}.Release|Any CPU.Build.0 = Release|Any CPU
		{E5678901-16F7-4668-BE54-9A1E7A4F7556}.Debug|Any CPU.ActiveCfg = Debug|Any CPU
		{E5678901-16F7-4668-BE54-9A1E7A4F7556}.Debug|Any CPU.Build.0 = Debug|Any CPU
		{E5678901-16F7-4668-BE54-9A1E7A4F7556}.Release|Any CPU.ActiveCfg = Release|Any CPU
		{E5678901-16F7-4668-BE54-9A1E7A4F7556}.Release|Any CPU.Build.0 = Release|Any CPU
		{F6789012-16F7-4668-BE54-9A1E7A4F7556}.Debug|Any CPU.ActiveCfg = Debug|Any CPU
		{F6789012-16F7-4668-BE54-9A1E7A4F7556}.Debug|Any CPU.Build.0 = Debug|Any CPU
		{F6789012-16F7-4668-BE54-9A1E7A4F7556}.Release|Any CPU.ActiveCfg = Release|Any CPU
		{F6789012-16F7-4668-BE54-9A1E7A4F7556}.Release|Any CPU.Build.0 = Release|Any CPU
		{10123456-16F7-4668-BE54-9A1E7A4F7556}.Debug|Any CPU.ActiveCfg = Debug|Any CPU
		{10123456-16F7-4668-BE54-9A1E7A4F7556}.Debug|Any CPU.Build.0 = Debug|Any CPU
		{10123456-16F7-4668-BE54-9A1E7A4F7556}.Release|Any CPU.ActiveCfg = Release|Any CPU
		{10123456-16F7-4668-BE54-9A1E7A4F7556}.Release|Any CPU.Build.0 = Release|Any CPU
	EndGlobalSection
EndGlobal
